// !$*UTF8*$!
{
	archiveVersion = 1;
	classes = {
	};
	objectVersion = 46;
	objects = {

/* Begin PBXBuildFile section */
		8651821E2F1315F800E89604 /* FileDownloader.m in Sources */ = {isa = PBXBuildFile; fileRef = 8651821D2F1315F800E89604 /* FileDownloader.m */; };
		865182212F146F8E00E89604 /* Logger.m in Sources */ = {isa = PBXBuildFile; fileRef = 865182202F146F8E00E89604 /* Logger.m */; };
		8684E50C2F126D9C007BBA3A /* Cocoa.framework in Frameworks */ = {isa = PBXBuildFile; fileRef = 8684E50B2F126D9C007BBA3A /* Cocoa.framework */; };
		8684E5162F126D9C007BBA3A /* InfoPlist.strings in Resources */ = {isa = PBXBuildFile; fileRef = 8684E5142F126D9C007BBA3A /* InfoPlist.strings */; };
		8684E5182F126D9C007BBA3A /* main.m in Sources */ = {isa = PBXBuildFile; fileRef = 8684E5172F126D9C007BBA3A /* main.m */; };
		8684E51C2F126D9C007BBA3A /* Credits.rtf in Resources */ = {isa = PBXBuildFile; fileRef = 8684E51A2F126D9C007BBA3A /* Credits.rtf */; };
		8684E51F2F126D9C007BBA3A /* AppDelegate.m in Sources */ = {isa = PBXBuildFile; fileRef = 8684E51E2F126D9C007BBA3A /* AppDelegate.m */; };
		8684E5222F126D9C007BBA3A /* MainMenu.xib in Resources */ = {isa = PBXBuildFile; fileRef = 8684E5202F126D9C007BBA3A /* MainMenu.xib */; };
		8684E5242F126D9C007BBA3A /* Images.xcassets in Resources */ = {isa = PBXBuildFile; fileRef = 8684E5232F126D9C007BBA3A /* Images.xcassets */; };
		8684E52B2F126D9C007BBA3A /* XCTest.framework in Frameworks */ = {isa = PBXBuildFile; fileRef = 8684E52A2F126D9C007BBA3A /* XCTest.framework */; };
		8684E52C2F126D9C007BBA3A /* Cocoa.framework in Frameworks */ = {isa = PBXBuildFile; fileRef = 8684E50B2F126D9C007BBA3A /* Cocoa.framework */; };
		8684E5342F126D9C007BBA3A /* InfoPlist.strings in Resources */ = {isa = PBXBuildFile; fileRef = 8684E5322F126D9C007BBA3A /* InfoPlist.strings */; };
		8684E5362F126D9C007BBA3A /* NovarinLauncherTests.m in Sources */ = {isa = PBXBuildFile; fileRef = 8684E5352F126D9C007BBA3A /* NovarinLauncherTests.m */; };
/* End PBXBuildFile section */

/* Begin PBXContainerItemProxy section */
		8684E52D2F126D9C007BBA3A /* PBXContainerItemProxy */ = {
			isa = PBXContainerItemProxy;
			containerPortal = 8684E5002F126D9C007BBA3A /* Project object */;
			proxyType = 1;
			remoteGlobalIDString = 8684E5072F126D9C007BBA3A;
			remoteInfo = NovarinLauncher;
		};
/* End PBXContainerItemProxy section */

/* Begin PBXFileReference section */
		8651821C2F1315F800E89604 /* FileDownloader.h */ = {isa = PBXFileReference; fileEncoding = 4; lastKnownFileType = sourcecode.c.h; path = FileDownloader.h; sourceTree = "<group>"; };
		8651821D2F1315F800E89604 /* FileDownloader.m */ = {isa = PBXFileReference; fileEncoding = 4; lastKnownFileType = sourcecode.c.objc; path = FileDownloader.m; sourceTree = "<group>"; };
		8651821F2F146F8E00E89604 /* Logger.h */ = {isa = PBXFileReference; fileEncoding = 4; lastKnownFileType = sourcecode.c.h; path = Logger.h; sourceTree = "<group>"; };
		865182202F146F8E00E89604 /* Logger.m */ = {isa = PBXFileReference; fileEncoding = 4; lastKnownFileType = sourcecode.c.objc; path = Logger.m; sourceTree = "<group>"; };
		8684E5082F126D9C007BBA3A /* NovarinLauncher.app */ = {isa = PBXFileReference; explicitFileType = wrapper.application; includeInIndex = 0; path = NovarinLauncher.app; sourceTree = BUILT_PRODUCTS_DIR; };
		8684E50B2F126D9C007BBA3A /* Cocoa.framework */ = {isa = PBXFileReference; lastKnownFileType = wrapper.framework; name = Cocoa.framework; path = System/Library/Frameworks/Cocoa.framework; sourceTree = SDKROOT; };
		8684E50E2F126D9C007BBA3A /* AppKit.framework */ = {isa = PBXFileReference; lastKnownFileType = wrapper.framework; name = AppKit.framework; path = System/Library/Frameworks/AppKit.framework; sourceTree = SDKROOT; };
		8684E50F2F126D9C007BBA3A /* CoreData.framework */ = {isa = PBXFileReference; lastKnownFileType = wrapper.framework; name = CoreData.framework; path = System/Library/Frameworks/CoreData.framework; sourceTree = SDKROOT; };
		8684E5102F126D9C007BBA3A /* Foundation.framework */ = {isa = PBXFileReference; lastKnownFileType = wrapper.framework; name = Foundation.framework; path = System/Library/Frameworks/Foundation.framework; sourceTree = SDKROOT; };
		8684E5132F126D9C007BBA3A /* NovarinLauncher-Info.plist */ = {isa = PBXFileReference; lastKnownFileType = text.plist.xml; path = "NovarinLauncher-Info.plist"; sourceTree = "<group>"; };
		8684E5152F126D9C007BBA3A /* en */ = {isa = PBXFileReference; lastKnownFileType = text.plist.strings; name = en; path = en.lproj/InfoPlist.strings; sourceTree = "<group>"; };
		8684E5172F126D9C007BBA3A /* main.m */ = {isa = PBXFileReference; lastKnownFileType = sourcecode.c.objc; path = main.m; sourceTree = "<group>"; };
		8684E5192F126D9C007BBA3A /* NovarinLauncher-Prefix.pch */ = {isa = PBXFileReference; lastKnownFileType = sourcecode.c.h; path = "NovarinLauncher-Prefix.pch"; sourceTree = "<group>"; };
		8684E51B2F126D9C007BBA3A /* en */ = {isa = PBXFileReference; lastKnownFileType = text.rtf; name = en; path = en.lproj/Credits.rtf; sourceTree = "<group>"; };
		8684E51D2F126D9C007BBA3A /* AppDelegate.h */ = {isa = PBXFileReference; lastKnownFileType = sourcecode.c.h; path = AppDelegate.h; sourceTree = "<group>"; };
		8684E51E2F126D9C007BBA3A /* AppDelegate.m */ = {isa = PBXFileReference; lastKnownFileType = sourcecode.c.objc; path = AppDelegate.m; sourceTree = "<group>"; };
		8684E5212F126D9C007BBA3A /* Base */ = {isa = PBXFileReference; lastKnownFileType = file.xib; name = Base; path = Base.lproj/MainMenu.xib; sourceTree = "<group>"; };
		8684E5232F126D9C007BBA3A /* Images.xcassets */ = {isa = PBXFileReference; lastKnownFileType = folder.assetcatalog; path = Images.xcassets; sourceTree = "<group>"; };
		8684E5292F126D9C007BBA3A /* NovarinLauncherTests.xctest */ = {isa = PBXFileReference; explicitFileType = wrapper.cfbundle; includeInIndex = 0; path = NovarinLauncherTests.xctest; sourceTree = BUILT_PRODUCTS_DIR; };
		8684E52A2F126D9C007BBA3A /* XCTest.framework */ = {isa = PBXFileReference; lastKnownFileType = wrapper.framework; name = XCTest.framework; path = Library/Frameworks/XCTest.framework; sourceTree = DEVELOPER_DIR; };
		8684E5312F126D9C007BBA3A /* NovarinLauncherTests-Info.plist */ = {isa = PBXFileReference; lastKnownFileType = text.plist.xml; path = "NovarinLauncherTests-Info.plist"; sourceTree = "<group>"; };
		8684E5332F126D9C007BBA3A /* en */ = {isa = PBXFileReference; lastKnownFileType = text.plist.strings; name = en; path = en.lproj/InfoPlist.strings; sourceTree = "<group>"; };
		8684E5352F126D9C007BBA3A /* NovarinLauncherTests.m */ = {isa = PBXFileReference; lastKnownFileType = sourcecode.c.objc; path = NovarinLauncherTests.m; sourceTree = "<group>"; };
/* End PBXFileReference section */

/* Begin PBXFrameworksBuildPhase section */
		8684E5052F126D9C007BBA3A /* Frameworks */ = {
			isa = PBXFrameworksBuildPhase;
			buildActionMask = 2147483647;
			files = (
				8684E50C2F126D9C007BBA3A /* Cocoa.framework in Frameworks */,
			);
			runOnlyForDeploymentPostprocessing = 0;
		};
		8684E5262F126D9C007BBA3A /* Frameworks */ = {
			isa = PBXFrameworksBuildPhase;
			buildActionMask = 2147483647;
			files = (
				8684E52C2F126D9C007BBA3A /* Cocoa.framework in Frameworks */,
				8684E52B2F126D9C007BBA3A /* XCTest.framework in Frameworks */,
			);
			runOnlyForDeploymentPostprocessing = 0;
		};
/* End PBXFrameworksBuildPhase section */

/* Begin PBXGroup section */
		8684E4FF2F126D9C007BBA3A = {
			isa = PBXGroup;
			children = (
				8684E5112F126D9C007BBA3A /* NovarinLauncher */,
				8684E52F2F126D9C007BBA3A /* NovarinLauncherTests */,
				8684E50A2F126D9C007BBA3A /* Frameworks */,
				8684E5092F126D9C007BBA3A /* Products */,
			);
			sourceTree = "<group>";
		};
		8684E5092F126D9C007BBA3A /* Products */ = {
			isa = PBXGroup;
			children = (
				8684E5082F126D9C007BBA3A /* NovarinLauncher.app */,
				8684E5292F126D9C007BBA3A /* NovarinLauncherTests.xctest */,
			);
			name = Products;
			sourceTree = "<group>";
		};
		8684E50A2F126D9C007BBA3A /* Frameworks */ = {
			isa = PBXGroup;
			children = (
				8684E50B2F126D9C007BBA3A /* Cocoa.framework */,
				8684E52A2F126D9C007BBA3A /* XCTest.framework */,
				8684E50D2F126D9C007BBA3A /* Other Frameworks */,
			);
			name = Frameworks;
			sourceTree = "<group>";
		};
		8684E50D2F126D9C007BBA3A /* Other Frameworks */ = {
			isa = PBXGroup;
			children = (
				8684E50E2F126D9C007BBA3A /* AppKit.framework */,
				8684E50F2F126D9C007BBA3A /* CoreData.framework */,
				8684E5102F126D9C007BBA3A /* Foundation.framework */,
			);
			name = "Other Frameworks";
			sourceTree = "<group>";
		};
		8684E5112F126D9C007BBA3A /* NovarinLauncher */ = {
			isa = PBXGroup;
			children = (
				8684E51D2F126D9C007BBA3A /* AppDelegate.h */,
				8684E51E2F126D9C007BBA3A /* AppDelegate.m */,
				8684E5202F126D9C007BBA3A /* MainMenu.xib */,
				8684E5232F126D9C007BBA3A /* Images.xcassets */,
				8684E5122F126D9C007BBA3A /* Supporting Files */,
				8651821C2F1315F800E89604 /* FileDownloader.h */,
				8651821D2F1315F800E89604 /* FileDownloader.m */,
				8651821F2F146F8E00E89604 /* Logger.h */,
				865182202F146F8E00E89604 /* Logger.m */,
			);
			path = NovarinLauncher;
			sourceTree = "<group>";
		};
		8684E5122F126D9C007BBA3A /* Supporting Files */ = {
			isa = PBXGroup;
			children = (
				8684E5132F126D9C007BBA3A /* NovarinLauncher-Info.plist */,
				8684E5142F126D9C007BBA3A /* InfoPlist.strings */,
				8684E5172F126D9C007BBA3A /* main.m */,
				8684E5192F126D9C007BBA3A /* NovarinLauncher-Prefix.pch */,
				8684E51A2F126D9C007BBA3A /* Credits.rtf */,
			);
			name = "Supporting Files";
			sourceTree = "<group>";
		};
		8684E52F2F126D9C007BBA3A /* NovarinLauncherTests */ = {
			isa = PBXGroup;
			children = (
				8684E5352F126D9C007BBA3A /* NovarinLauncherTests.m */,
				8684E5302F126D9C007BBA3A /* Supporting Files */,
			);
			path = NovarinLauncherTests;
			sourceTree = "<group>";
		};
		8684E5302F126D9C007BBA3A /* Supporting Files */ = {
			isa = PBXGroup;
			children = (
				8684E5312F126D9C007BBA3A /* NovarinLauncherTests-Info.plist */,
				8684E5322F126D9C007BBA3A /* InfoPlist.strings */,
			);
			name = "Supporting Files";
			sourceTree = "<group>";
		};
/* End PBXGroup section */

/* Begin PBXNativeTarget section */
		8684E5072F126D9C007BBA3A /* NovarinLauncher */ = {
			isa = PBXNativeTarget;
			buildConfigurationList = 8684E5392F126D9C007BBA3A /* Build configuration list for PBXNativeTarget "NovarinLauncher" */;
			buildPhases = (
				8684E5042F126D9C007BBA3A /* Sources */,
				8684E5052F126D9C007BBA3A /* Frameworks */,
				8684E5062F126D9C007BBA3A /* Resources */,
			);
			buildRules = (
			);
			dependencies = (
			);
			name = NovarinLauncher;
			productName = NovarinLauncher;
			productReference = 8684E5082F126D9C007BBA3A /* NovarinLauncher.app */;
			productType = "com.apple.product-type.application";
		};
		8684E5282F126D9C007BBA3A /* NovarinLauncherTests */ = {
			isa = PBXNativeTarget;
			buildConfigurationList = 8684E53C2F126D9C007BBA3A /* Build configuration list for PBXNativeTarget "NovarinLauncherTests" */;
			buildPhases = (
				8684E5252F126D9C007BBA3A /* Sources */,
				8684E5262F126D9C007BBA3A /* Frameworks */,
				8684E5272F126D9C007BBA3A /* Resources */,
			);
			buildRules = (
			);
			dependencies = (
				8684E52E2F126D9C007BBA3A /* PBXTargetDependency */,
			);
			name = NovarinLauncherTests;
			productName = NovarinLauncherTests;
			productReference = 8684E5292F126D9C007BBA3A /* NovarinLauncherTests.xctest */;
			productType = "com.apple.product-type.bundle.unit-test";
		};
/* End PBXNativeTarget section */

/* Begin PBXProject section */
		8684E5002F126D9C007BBA3A /* Project object */ = {
			isa = PBXProject;
			attributes = {
				LastUpgradeCheck = 0510;
				ORGANIZATIONNAME = bruhdude;
				TargetAttributes = {
					8684E5282F126D9C007BBA3A = {
						TestTargetID = 8684E5072F126D9C007BBA3A;
					};
				};
			};
			buildConfigurationList = 8684E5032F126D9C007BBA3A /* Build configuration list for PBXProject "NovarinLauncher" */;
			compatibilityVersion = "Xcode 3.2";
			developmentRegion = English;
			hasScannedForEncodings = 0;
			knownRegions = (
				en,
				Base,
			);
			mainGroup = 8684E4FF2F126D9C007BBA3A;
			productRefGroup = 8684E5092F126D9C007BBA3A /* Products */;
			projectDirPath = "";
			projectRoot = "";
			targets = (
				8684E5072F126D9C007BBA3A /* NovarinLauncher */,
				8684E5282F126D9C007BBA3A /* NovarinLauncherTests */,
			);
		};
/* End PBXProject section */

/* Begin PBXResourcesBuildPhase section */
		8684E5062F126D9C007BBA3A /* Resources */ = {
			isa = PBXResourcesBuildPhase;
			buildActionMask = 2147483647;
			files = (
				8684E5162F126D9C007BBA3A /* InfoPlist.strings in Resources */,
				8684E5242F126D9C007BBA3A /* Images.xcassets in Resources */,
				8684E51C2F126D9C007BBA3A /* Credits.rtf in Resources */,
				8684E5222F126D9C007BBA3A /* MainMenu.xib in Resources */,
			);
			runOnlyForDeploymentPostprocessing = 0;
		};
		8684E5272F126D9C007BBA3A /* Resources */ = {
			isa = PBXResourcesBuildPhase;
			buildActionMask = 2147483647;
			files = (
				8684E5342F126D9C007BBA3A /* InfoPlist.strings in Resources */,
			);
			runOnlyForDeploymentPostprocessing = 0;
		};
/* End PBXResourcesBuildPhase section */

/* Begin PBXSourcesBuildPhase section */
		8684E5042F126D9C007BBA3A /* Sources */ = {
			isa = PBXSourcesBuildPhase;
			buildActionMask = 2147483647;
			files = (
				8651821E2F1315F800E89604 /* FileDownloader.m in Sources */,
				8684E51F2F126D9C007BBA3A /* AppDelegate.m in Sources */,
				8684E5182F126D9C007BBA3A /* main.m in Sources */,
				865182212F146F8E00E89604 /* Logger.m in Sources */,
			);
			runOnlyForDeploymentPostprocessing = 0;
		};
		8684E5252F126D9C007BBA3A /* Sources */ = {
			isa = PBXSourcesBuildPhase;
			buildActionMask = 2147483647;
			files = (
				8684E5362F126D9C007BBA3A /* NovarinLauncherTests.m in Sources */,
			);
			runOnlyForDeploymentPostprocessing = 0;
		};
/* End PBXSourcesBuildPhase section */

/* Begin PBXTargetDependency section */
		8684E52E2F126D9C007BBA3A /* PBXTargetDependency */ = {
			isa = PBXTargetDependency;
			target = 8684E5072F126D9C007BBA3A /* NovarinLauncher */;
			targetProxy = 8684E52D2F126D9C007BBA3A /* PBXContainerItemProxy */;
		};
/* End PBXTargetDependency section */

/* Begin PBXVariantGroup section */
		8684E5142F126D9C007BBA3A /* InfoPlist.strings */ = {
			isa = PBXVariantGroup;
			children = (
				8684E5152F126D9C007BBA3A /* en */,
			);
			name = InfoPlist.strings;
			sourceTree = "<group>";
		};
		8684E51A2F126D9C007BBA3A /* Credits.rtf */ = {
			isa = PBXVariantGroup;
			children = (
				8684E51B2F126D9C007BBA3A /* en */,
			);
			name = Credits.rtf;
			sourceTree = "<group>";
		};
		8684E5202F126D9C007BBA3A /* MainMenu.xib */ = {
			isa = PBXVariantGroup;
			children = (
				8684E5212F126D9C007BBA3A /* Base */,
			);
			name = MainMenu.xib;
			sourceTree = "<group>";
		};
		8684E5322F126D9C007BBA3A /* InfoPlist.strings */ = {
			isa = PBXVariantGroup;
			children = (
				8684E5332F126D9C007BBA3A /* en */,
			);
			name = InfoPlist.strings;
			sourceTree = "<group>";
		};
/* End PBXVariantGroup section */

/* Begin XCBuildConfiguration section */
		8684E5372F126D9C007BBA3A /* Debug */ = {
			isa = XCBuildConfiguration;
			buildSettings = {
				ALWAYS_SEARCH_USER_PATHS = NO;
				CLANG_CXX_LANGUAGE_STANDARD = "gnu++0x";
				CLANG_CXX_LIBRARY = "libc++";
				CLANG_ENABLE_MODULES = YES;
				CLANG_ENABLE_OBJC_ARC = YES;
				CLANG_WARN_BOOL_CONVERSION = YES;
				CLANG_WARN_CONSTANT_CONVERSION = YES;
				CLANG_WARN_DIRECT_OBJC_ISA_USAGE = YES_ERROR;
				CLANG_WARN_EMPTY_BODY = YES;
				CLANG_WARN_ENUM_CONVERSION = YES;
				CLANG_WARN_INT_CONVERSION = YES;
				CLANG_WARN_OBJC_ROOT_CLASS = YES_ERROR;
				CLANG_WARN__DUPLICATE_METHOD_MATCH = YES;
				COPY_PHASE_STRIP = NO;
				GCC_C_LANGUAGE_STANDARD = gnu99;
				GCC_DYNAMIC_NO_PIC = NO;
				GCC_ENABLE_OBJC_EXCEPTIONS = YES;
				GCC_OPTIMIZATION_LEVEL = 0;
				GCC_PREPROCESSOR_DEFINITIONS = (
					"DEBUG=1",
					"$(inherited)",
				);
				GCC_SYMBOLS_PRIVATE_EXTERN = NO;
				GCC_WARN_64_TO_32_BIT_CONVERSION = YES;
				GCC_WARN_ABOUT_RETURN_TYPE = YES_ERROR;
				GCC_WARN_UNDECLARED_SELECTOR = YES;
				GCC_WARN_UNINITIALIZED_AUTOS = YES_AGGRESSIVE;
				GCC_WARN_UNUSED_FUNCTION = YES;
				GCC_WARN_UNUSED_VARIABLE = YES;
				MACOSX_DEPLOYMENT_TARGET = 10.9;
				ONLY_ACTIVE_ARCH = YES;
				SDKROOT = macosx;
			};
			name = Debug;
		};
		8684E5382F126D9C007BBA3A /* Release */ = {
			isa = XCBuildConfiguration;
			buildSettings = {
				ALWAYS_SEARCH_USER_PATHS = NO;
				CLANG_CXX_LANGUAGE_STANDARD = "gnu++0x";
				CLANG_CXX_LIBRARY = "libc++";
				CLANG_ENABLE_MODULES = YES;
				CLANG_ENABLE_OBJC_ARC = YES;
				CLANG_WARN_BOOL_CONVERSION = YES;
				CLANG_WARN_CONSTANT_CONVERSION = YES;
				CLANG_WARN_DIRECT_OBJC_ISA_USAGE = YES_ERROR;
				CLANG_WARN_EMPTY_BODY = YES;
				CLANG_WARN_ENUM_CONVERSION = YES;
				CLANG_WARN_INT_CONVERSION = YES;
				CLANG_WARN_OBJC_ROOT_CLASS = YES_ERROR;
				CLANG_WARN__DUPLICATE_METHOD_MATCH = YES;
				COPY_PHASE_STRIP = YES;
				DEBUG_INFORMATION_FORMAT = "dwarf-with-dsym";
				ENABLE_NS_ASSERTIONS = NO;
				GCC_C_LANGUAGE_STANDARD = gnu99;
				GCC_ENABLE_OBJC_EXCEPTIONS = YES;
				GCC_WARN_64_TO_32_BIT_CONVERSION = YES;
				GCC_WARN_ABOUT_RETURN_TYPE = YES_ERROR;
				GCC_WARN_UNDECLARED_SELECTOR = YES;
				GCC_WARN_UNINITIALIZED_AUTOS = YES_AGGRESSIVE;
				GCC_WARN_UNUSED_FUNCTION = YES;
				GCC_WARN_UNUSED_VARIABLE = YES;
				MACOSX_DEPLOYMENT_TARGET = 10.9;
				SDKROOT = macosx;
			};
			name = Release;
		};
		8684E53A2F126D9C007BBA3A /* Debug */ = {
			isa = XCBuildConfiguration;
			buildSettings = {
				ASSETCATALOG_COMPILER_APPICON_NAME = AppIcon;
				COMBINE_HIDPI_IMAGES = YES;
				GCC_PRECOMPILE_PREFIX_HEADER = YES;
				GCC_PREFIX_HEADER = "NovarinLauncher/NovarinLauncher-Prefix.pch";
				INFOPLIST_FILE = "NovarinLauncher/NovarinLauncher-Info.plist";
				MACOSX_DEPLOYMENT_TARGET = 10.9;
				PRODUCT_NAME = "$(TARGET_NAME)";
				WRAPPER_EXTENSION = app;
			};
			name = Debug;
		};
		8684E53B2F126D9C007BBA3A /* Release */ = {
			isa = XCBuildConfiguration;
			buildSettings = {
				ASSETCATALOG_COMPILER_APPICON_NAME = AppIcon;
				COMBINE_HIDPI_IMAGES = YES;
				GCC_PRECOMPILE_PREFIX_HEADER = YES;
				GCC_PREFIX_HEADER = "NovarinLauncher/NovarinLauncher-Prefix.pch";
				INFOPLIST_FILE = "NovarinLauncher/NovarinLauncher-Info.plist";
				MACOSX_DEPLOYMENT_TARGET = 10.9;
				PRODUCT_NAME = "$(TARGET_NAME)";
				WRAPPER_EXTENSION = app;
			};
			name = Release;
		};
		8684E53D2F126D9C007BBA3A /* Debug */ = {
			isa = XCBuildConfiguration;
			buildSettings = {
				BUNDLE_LOADER = "$(BUILT_PRODUCTS_DIR)/NovarinLauncher.app/Contents/MacOS/NovarinLauncher";
				COMBINE_HIDPI_IMAGES = YES;
				FRAMEWORK_SEARCH_PATHS = (
					"$(DEVELOPER_FRAMEWORKS_DIR)",
					"$(inherited)",
				);
				GCC_PRECOMPILE_PREFIX_HEADER = YES;
				GCC_PREFIX_HEADER = "NovarinLauncher/NovarinLauncher-Prefix.pch";
				GCC_PREPROCESSOR_DEFINITIONS = (
					"DEBUG=1",
					"$(inherited)",
				);
				INFOPLIST_FILE = "NovarinLauncherTests/NovarinLauncherTests-Info.plist";
				PRODUCT_NAME = "$(TARGET_NAME)";
				TEST_HOST = "$(BUNDLE_LOADER)";
				WRAPPER_EXTENSION = xctest;
			};
			name = Debug;
		};
		8684E53E2F126D9C007BBA3A /* Release */ = {
			isa = XCBuildConfiguration;
			buildSettings = {
				BUNDLE_LOADER = "$(BUILT_PRODUCTS_DIR)/NovarinLauncher.app/Contents/MacOS/NovarinLauncher";
				COMBINE_HIDPI_IMAGES = YES;
				FRAMEWORK_SEARCH_PATHS = (
					"$(DEVELOPER_FRAMEWORKS_DIR)",
					"$(inherited)",
				);
				GCC_PRECOMPILE_PREFIX_HEADER = YES;
				GCC_PREFIX_HEADER = "NovarinLauncher/NovarinLauncher-Prefix.pch";
				INFOPLIST_FILE = "NovarinLauncherTests/NovarinLauncherTests-Info.plist";
				PRODUCT_NAME = "$(TARGET_NAME)";
				TEST_HOST = "$(BUNDLE_LOADER)";
				WRAPPER_EXTENSION = xctest;
			};
			name = Release;
		};
/* End XCBuildConfiguration section */

/* Begin XCConfigurationList section */
		8684E5032F126D9C007BBA3A /* Build configuration list for PBXProject "NovarinLauncher" */ = {
			isa = XCConfigurationList;
			buildConfigurations = (
				8684E5372F126D9C007BBA3A /* Debug */,
				8684E5382F126D9C007BBA3A /* Release */,
			);
			defaultConfigurationIsVisible = 0;
			defaultConfigurationName = Release;
		};
		8684E5392F126D9C007BBA3A /* Build configuration list for PBXNativeTarget "NovarinLauncher" */ = {
			isa = XCConfigurationList;
			buildConfigurations = (
				8684E53A2F126D9C007BBA3A /* Debug */,
				8684E53B2F126D9C007BBA3A /* Release */,
			);
			defaultConfigurationIsVisible = 0;
			defaultConfigurationName = Release;
		};
		8684E53C2F126D9C007BBA3A /* Build configuration list for PBXNativeTarget "NovarinLauncherTests" */ = {
			isa = XCConfigurationList;
			buildConfigurations = (
				8684E53D2F126D9C007BBA3A /* Debug */,
				8684E53E2F126D9C007BBA3A /* Release */,
			);
			defaultConfigurationIsVisible = 0;
			defaultConfigurationName = Release;
		};
/* End XCConfigurationList section */
	};
	rootObject = 8684E5002F126D9C007BBA3A /* Project object */;
}
